
Microsoft Visual Studio Solution File, Format Version 12.00
# Visual Studio Version 17
VisualStudioVersion = 17.3.32811.315
MinimumVisualStudioVersion = 10.0.40219.1
Project("{6989167D-11E4-40FE-8C1A-2192A86A7E90}") = "Anura3D", "Anura3D.vfproj", "{5981CACF-B133-49CD-A4B1-FB8BD7983C3F}"
EndProject
Global
	GlobalSection(SolutionConfigurationPlatforms) = preSolution
		Debug|x64 = Debug|x64
		Release|x64 = Release|x64
	EndGlobalSection
	GlobalSection(ProjectConfigurationPlatforms) = postSolution
		{5981CACF-B133-49CD-A4B1-FB8BD7983C3F}.Debug|x64.ActiveCfg = Debug|x64
		{5981CACF-B133-49CD-A4B1-FB8BD7983C3F}.Debug|x64.Build.0 = Debug|x64
		{5981CACF-B133-49CD-A4B1-FB8BD7983C3F}.Release|x64.ActiveCfg = Release|x64
		{5981CACF-B133-49CD-A4B1-FB8BD7983C3F}.Release|x64.Build.0 = Release|x64
	EndGlobalSection
	GlobalSection(SolutionProperties) = preSolution
		HideSolutionNode = FALSE
	EndGlobalSection
	GlobalSection(ExtensibilityGlobals) = postSolution
		SolutionGuid = {29CF2C22-6F0B-4CEC-B9E8-34C15C44F0F8}
	EndGlobalSection
EndGlobal
